
Microsoft Visual Studio Solution File, Format Version 12.00
# Visual Studio Version 17
VisualStudioVersion = 17.1.32407.343
MinimumVisualStudioVersion = 10.0.40219.1
Project("{FAE04EC0-301F-11D3-BF4B-00C04F79EFBC}") = "SampleSocketConnection", "SampleSocketConnection\SampleSocketConnection.csproj", "{65404246-30F2-474E-A421-99D2B1FF8DDC}"
EndProject
Global
	GlobalSection(SolutionConfigurationPlatforms) = preSolution
		Debug|Any CPU = Debug|Any CPU
		Release|Any CPU = Release|Any CPU
	EndGlobalSection
	GlobalSection(ProjectConfigurationPlatforms) = postSolution
		{65404246-30F2-474E-A421-99D2B1FF8DDC}.Debug|Any CPU.ActiveCfg = Debug|Any CPU
		{65404246-30F2-474E-A421-99D2B1FF8DDC}.Debug|Any CPU.Build.0 = Debug|Any CPU
		{65404246-30F2-474E-A421-99D2B1FF8DDC}.Release|Any CPU.ActiveCfg = Release|Any CPU
		{65404246-30F2-474E-A421-99D2B1FF8DDC}.Release|Any CPU.Build.0 = Release|Any CPU
	EndGlobalSection
	GlobalSection(SolutionProperties) = preSolution
		HideSolutionNode = FALSE
	EndGlobalSection
	GlobalSection(ExtensibilityGlobals) = postSolution
		SolutionGuid = {BD6F641A-0D7E-4C1B-86AC-E74F9816885C}
	EndGlobalSection
EndGlobal
